
Microsoft Visual Studio Solution File, Format Version 12.00
# Visual Studio Version 16
VisualStudioVersion = 16.0.30204.135
MinimumVisualStudioVersion = 10.0.40219.1
Project("{9A19103F-16F7-4668-BE54-9A1E7A4F7556}") = "WindowsCopyDialog", "WindowsCopyDialog.csproj", "{5BC82ADA-BABB-49CB-AF6D-2404536FE0C2}"
EndProject
Project("{2150E333-8FDC-42A3-9474-1A3956D46DE8}") = "Solution Items", "Solution Items", "{A8693946-8C7D-4770-9E44-2761DBCFD103}"
	ProjectSection(SolutionItems) = preProject
		dialog.png = dialog.png
		README.md = README.md
	EndProjectSection
EndProject
Global
	GlobalSection(SolutionConfigurationPlatforms) = preSolution
		Debug|Any CPU = Debug|Any CPU
		Release|Any CPU = Release|Any CPU
	EndGlobalSection
	GlobalSection(ProjectConfigurationPlatforms) = postSolution
		{5BC82ADA-BABB-49CB-AF6D-2404536FE0C2}.Debug|Any CPU.ActiveCfg = Debug|Any CPU
		{5BC82ADA-BABB-49CB-AF6D-2404536FE0C2}.Debug|Any CPU.Build.0 = Debug|Any CPU
		{5BC82ADA-BABB-49CB-AF6D-2404536FE0C2}.Release|Any CPU.ActiveCfg = Release|Any CPU
		{5BC82ADA-BABB-49CB-AF6D-2404536FE0C2}.Release|Any CPU.Build.0 = Release|Any CPU
	EndGlobalSection
	GlobalSection(SolutionProperties) = preSolution
		HideSolutionNode = FALSE
	EndGlobalSection
	GlobalSection(ExtensibilityGlobals) = postSolution
		SolutionGuid = {B7CCC10D-7AEB-4DFF-8CE9-5D52BC47A28D}
	EndGlobalSection
EndGlobal
